// !$*UTF8*$!
{
	archiveVersion = 1;
	classes = {
	};
	objectVersion = 56;
	objects = {

/* Begin PBXBuildFile section */
		9F0D24C63074325A00BCD900 /* GoogleService-Info.plist in Resources */ = {isa = PBXBuildFile; fileRef = 9F0D24C53074325A00BCD900 /* GoogleService-Info.plist */; };
		9F68D8CE3075580C00228A18 /* firebaseConfig.swift in Sources */ = {isa = PBXBuildFile; fileRef = 9F68D8CD3075580C00228A18 /* firebaseConfig.swift */; };
		9F68D8D1307574DD00228A18 /* addPetScreen.swift in Sources */ = {isa = PBXBuildFile; fileRef = 9F68D8D0307574DD00228A18 /* addPetScreen.swift */; };
		9F68D8D33075753500228A18 /* selectImage.swift in Sources */ = {isa = PBXBuildFile; fileRef = 9F68D8D23075753500228A18 /* selectImage.swift */; };
		9F68D8D53075757D00228A18 /* welcomeScreen.swift in Sources */ = {isa = PBXBuildFile; fileRef = 9F68D8D43075757D00228A18 /* welcomeScreen.swift */; };
		9F68D8D7307575BB00228A18 /* quoteFeature.swift in Sources */ = {isa = PBXBuildFile; fileRef = 9F68D8D6307575BB00228A18 /* quoteFeature.swift */; };
		9F68D8D9307575F300228A18 /* onbaording.swift in Sources */ = {isa = PBXBuildFile; fileRef = 9F68D8D8307575F300228A18 /* onbaording.swift */; };
		9F68D8DB3075791900228A18 /* dashboard.swift in Sources */ = {isa = PBXBuildFile; fileRef = 9F68D8DA3075791900228A18 /* dashboard.swift */; };
		9F68D8E83076C67900228A18 /* navigation.swift in Sources */ = {isa = PBXBuildFile; fileRef = 9F68D8E73076C67900228A18 /* navigation.swift */; };
		9F68D8EA3076C6D500228A18 /* mainTabView.swift in Sources */ = {isa = PBXBuildFile; fileRef = 9F68D8E93076C6D500228A18 /* mainTabView.swift */; };
		9F68D8ED3076C96D00228A18 /* todoScreen.swift in Sources */ = {isa = PBXBuildFile; fileRef = 9F68D8EC3076C96C00228A18 /* todoScreen.swift */; };
		9F9218473072BA2100A3D0A8 /* petpawApp.swift in Sources */ = {isa = PBXBuildFile; fileRef = 9F9218463072BA2100A3D0A8 /* petpawApp.swift */; };
		9F9218493072BA2100A3D0A8 /* ContentView.swift in Sources */ = {isa = PBXBuildFile; fileRef = 9F9218483072BA2100A3D0A8 /* ContentView.swift */; };
		9F92184B3072BA2400A3D0A8 /* Assets.xcassets in Resources */ = {isa = PBXBuildFile; fileRef = 9F92184A3072BA2400A3D0A8 /* Assets.xcassets */; };
		9F92184E3072BA2400A3D0A8 /* Preview Assets.xcassets in Resources */ = {isa = PBXBuildFile; fileRef = 9F92184D3072BA2400A3D0A8 /* Preview Assets.xcassets */; };
		9F9218583072BA2500A3D0A8 /* petpawTests.swift in Sources */ = {isa = PBXBuildFile; fileRef = 9F9218573072BA2500A3D0A8 /* petpawTests.swift */; };
		9F9218623072BA2500A3D0A8 /* petpawUITests.swift in Sources */ = {isa = PBXBuildFile; fileRef = 9F9218613072BA2500A3D0A8 /* petpawUITests.swift */; };
		9F9218643072BA2500A3D0A8 /* petpawUITestsLaunchTests.swift in Sources */ = {isa = PBXBuildFile; fileRef = 9F9218633072BA2500A3D0A8 /* petpawUITestsLaunchTests.swift */; };
		9F9218793072BCD500A3D0A8 /* colors.swift in Sources */ = {isa = PBXBuildFile; fileRef = 9F9218783072BCD500A3D0A8 /* colors.swift */; };
		9F92187B3072BDB700A3D0A8 /* typography.swift in Sources */ = {isa = PBXBuildFile; fileRef = 9F92187A3072BDB700A3D0A8 /* typography.swift */; };
		9F92187F3072BF3100A3D0A8 /* spacing.swift in Sources */ = {isa = PBXBuildFile; fileRef = 9F92187E3072BF3100A3D0A8 /* spacing.swift */; };
		9F92188B3073E6CE00A3D0A8 /* login.swift in Sources */ = {isa = PBXBuildFile; fileRef = 9F92188A3073E6CE00A3D0A8 /* login.swift */; };
		9F92188C3073E6CE00A3D0A8 /* login.swift in Sources */ = {isa = PBXBuildFile; fileRef = 9F92188A3073E6CE00A3D0A8 /* login.swift */; };
		9F92188D3073E6CE00A3D0A8 /* login.swift in Sources */ = {isa = PBXBuildFile; fileRef = 9F92188A3073E6CE00A3D0A8 /* login.swift */; };
		9F92188F3073E91100A3D0A8 /* signup.swift in Sources */ = {isa = PBXBuildFile; fileRef = 9F92188E3073E91100A3D0A8 /* signup.swift */; };
		9F9218903073E91100A3D0A8 /* signup.swift in Sources */ = {isa = PBXBuildFile; fileRef = 9F92188E3073E91100A3D0A8 /* signup.swift */; };
		9F9218913073E91100A3D0A8 /* signup.swift in Sources */ = {isa = PBXBuildFile; fileRef = 9F92188E3073E91100A3D0A8 /* signup.swift */; };
		9F9E75EF3074CC8500E39EC9 /* FirebaseAuth in Frameworks */ = {isa = PBXBuildFile; productRef = 9F9E75EE3074CC8500E39EC9 /* FirebaseAuth */; };
		9F9E75F13074CC8500E39EC9 /* FirebaseFirestore in Frameworks */ = {isa = PBXBuildFile; productRef = 9F9E75F03074CC8500E39EC9 /* FirebaseFirestore */; };
		9F9E75F33074D89300E39EC9 /* authService.swift in Sources */ = {isa = PBXBuildFile; fileRef = 9F9E75F23074D89300E39EC9 /* authService.swift */; };
		9F9E75F530752D1300E39EC9 /* authViewModel.swift in Sources */ = {isa = PBXBuildFile; fileRef = 9F9E75F430752D1300E39EC9 /* authViewModel.swift */; };
		9FD5EDB230741E2D004A9E67 /* root.swift in Sources */ = {isa = PBXBuildFile; fileRef = 9FD5EDB130741E2D004A9E67 /* root.swift */; };
		9FD5EDB330741E2D004A9E67 /* root.swift in Sources */ = {isa = PBXBuildFile; fileRef = 9FD5EDB130741E2D004A9E67 /* root.swift */; };
		9FD5EDB430741E2D004A9E67 /* root.swift in Sources */ = {isa = PBXBuildFile; fileRef = 9FD5EDB130741E2D004A9E67 /* root.swift */; };
		9FD5EDB6307424E7004A9E67 /* constants.swift in Sources */ = {isa = PBXBuildFile; fileRef = 9FD5EDB5307424E7004A9E67 /* constants.swift */; };
/* End PBXBuildFile section */

/* Begin PBXContainerItemProxy section */
		9F9218543072BA2500A3D0A8 /* PBXContainerItemProxy */ = {
			isa = PBXContainerItemProxy;
			containerPortal = 9F92183B3072BA2100A3D0A8 /* Project object */;
			proxyType = 1;
			remoteGlobalIDString = 9F9218423072BA2100A3D0A8;
			remoteInfo = petpaw;
		};
		9F92185E3072BA2500A3D0A8 /* PBXContainerItemProxy */ = {
			isa = PBXContainerItemProxy;
			containerPortal = 9F92183B3072BA2100A3D0A8 /* Project object */;
			proxyType = 1;
			remoteGlobalIDString = 9F9218423072BA2100A3D0A8;
			remoteInfo = petpaw;
		};
/* End PBXContainerItemProxy section */

/* Begin PBXFileReference section */
		9F0D24C53074325A00BCD900 /* GoogleService-Info.plist */ = {isa = PBXFileReference; fileEncoding = 4; lastKnownFileType = text.plist.xml; path = "GoogleService-Info.plist"; sourceTree = "<group>"; };
		9F68D8CD3075580C00228A18 /* firebaseConfig.swift */ = {isa = PBXFileReference; lastKnownFileType = sourcecode.swift; path = firebaseConfig.swift; sourceTree = "<group>"; };
		9F68D8D0307574DD00228A18 /* addPetScreen.swift */ = {isa = PBXFileReference; lastKnownFileType = sourcecode.swift; path = addPetScreen.swift; sourceTree = "<group>"; };
		9F68D8D23075753500228A18 /* selectImage.swift */ = {isa = PBXFileReference; lastKnownFileType = sourcecode.swift; path = selectImage.swift; sourceTree = "<group>"; };
		9F68D8D43075757D00228A18 /* welcomeScreen.swift */ = {isa = PBXFileReference; lastKnownFileType = sourcecode.swift; path = welcomeScreen.swift; sourceTree = "<group>"; };
		9F68D8D6307575BB00228A18 /* quoteFeature.swift */ = {isa = PBXFileReference; lastKnownFileType = sourcecode.swift; path = quoteFeature.swift; sourceTree = "<group>"; };
		9F68D8D8307575F300228A18 /* onbaording.swift */ = {isa = PBXFileReference; lastKnownFileType = sourcecode.swift; path = onbaording.swift; sourceTree = "<group>"; };
		9F68D8DA3075791900228A18 /* dashboard.swift */ = {isa = PBXFileReference; lastKnownFileType = sourcecode.swift; path = dashboard.swift; sourceTree = "<group>"; };
		9F68D8E73076C67900228A18 /* navigation.swift */ = {isa = PBXFileReference; lastKnownFileType = sourcecode.swift; path = navigation.swift; sourceTree = "<group>"; };
		9F68D8E93076C6D500228A18 /* mainTabView.swift */ = {isa = PBXFileReference; lastKnownFileType = sourcecode.swift; path = mainTabView.swift; sourceTree = "<group>"; };
		9F68D8EC3076C96C00228A18 /* todoScreen.swift */ = {isa = PBXFileReference; lastKnownFileType = sourcecode.swift; path = todoScreen.swift; sourceTree = "<group>"; };
		9F9218433072BA2100A3D0A8 /* petpaw.app */ = {isa = PBXFileReference; explicitFileType = wrapper.application; includeInIndex = 0; path = petpaw.app; sourceTree = BUILT_PRODUCTS_DIR; };
		9F9218463072BA2100A3D0A8 /* petpawApp.swift */ = {isa = PBXFileReference; lastKnownFileType = sourcecode.swift; path = petpawApp.swift; sourceTree = "<group>"; };
		9F9218483072BA2100A3D0A8 /* ContentView.swift */ = {isa = PBXFileReference; lastKnownFileType = sourcecode.swift; path = ContentView.swift; sourceTree = "<group>"; };
		9F92184A3072BA2400A3D0A8 /* Assets.xcassets */ = {isa = PBXFileReference; lastKnownFileType = folder.assetcatalog; path = Assets.xcassets; sourceTree = "<group>"; };
		9F92184D3072BA2400A3D0A8 /* Preview Assets.xcassets */ = {isa = PBXFileReference; lastKnownFileType = folder.assetcatalog; path = "Preview Assets.xcassets"; sourceTree = "<group>"; };
		9F9218533072BA2500A3D0A8 /* petpawTests.xctest */ = {isa = PBXFileReference; explicitFileType = wrapper.cfbundle; includeInIndex = 0; path = petpawTests.xctest; sourceTree = BUILT_PRODUCTS_DIR; };
		9F9218573072BA2500A3D0A8 /* petpawTests.swift */ = {isa = PBXFileReference; lastKnownFileType = sourcecode.swift; path = petpawTests.swift; sourceTree = "<group>"; };
		9F92185D3072BA2500A3D0A8 /* petpawUITests.xctest */ = {isa = PBXFileReference; explicitFileType = wrapper.cfbundle; includeInIndex = 0; path = petpawUITests.xctest; sourceTree = BUILT_PRODUCTS_DIR; };
		9F9218613072BA2500A3D0A8 /* petpawUITests.swift */ = {isa = PBXFileReference; lastKnownFileType = sourcecode.swift; path = petpawUITests.swift; sourceTree = "<group>"; };
		9F9218633072BA2500A3D0A8 /* petpawUITestsLaunchTests.swift */ = {isa = PBXFileReference; lastKnownFileType = sourcecode.swift; path = petpawUITestsLaunchTests.swift; sourceTree = "<group>"; };
		9F9218783072BCD500A3D0A8 /* colors.swift */ = {isa = PBXFileReference; lastKnownFileType = sourcecode.swift; path = colors.swift; sourceTree = "<group>"; };
		9F92187A3072BDB700A3D0A8 /* typography.swift */ = {isa = PBXFileReference; lastKnownFileType = sourcecode.swift; path = typography.swift; sourceTree = "<group>"; };
		9F92187E3072BF3100A3D0A8 /* spacing.swift */ = {isa = PBXFileReference; lastKnownFileType = sourcecode.swift; path = spacing.swift; sourceTree = "<group>"; };
		9F92188A3073E6CE00A3D0A8 /* login.swift */ = {isa = PBXFileReference; lastKnownFileType = sourcecode.swift; path = login.swift; sourceTree = "<group>"; };
		9F92188E3073E91100A3D0A8 /* signup.swift */ = {isa = PBXFileReference; lastKnownFileType = sourcecode.swift; path = signup.swift; sourceTree = "<group>"; };
		9F9E75F23074D89300E39EC9 /* authService.swift */ = {isa = PBXFileReference; lastKnownFileType = sourcecode.swift; path = authService.swift; sourceTree = "<group>"; };
		9F9E75F430752D1300E39EC9 /* authViewModel.swift */ = {isa = PBXFileReference; lastKnownFileType = sourcecode.swift; path = authViewModel.swift; sourceTree = "<group>"; };
		9FD5EDB130741E2D004A9E67 /* root.swift */ = {isa = PBXFileReference; lastKnownFileType = sourcecode.swift; path = root.swift; sourceTree = "<group>"; };
		9FD5EDB5307424E7004A9E67 /* constants.swift */ = {isa = PBXFileReference; lastKnownFileType = sourcecode.swift; path = constants.swift; sourceTree = "<group>"; };
/* End PBXFileReference section */

/* Begin PBXFrameworksBuildPhase section */
		9F9218403072BA2100A3D0A8 /* Frameworks */ = {
			isa = PBXFrameworksBuildPhase;
			buildActionMask = 2147483647;
			files = (
				9F9E75EF3074CC8500E39EC9 /* FirebaseAuth in Frameworks */,
				9F9E75F13074CC8500E39EC9 /* FirebaseFirestore in Frameworks */,
			);
			runOnlyForDeploymentPostprocessing = 0;
		};
		9F9218503072BA2500A3D0A8 /* Frameworks */ = {
			isa = PBXFrameworksBuildPhase;
			buildActionMask = 2147483647;
			files = (
			);
			runOnlyForDeploymentPostprocessing = 0;
		};
		9F92185A3072BA2500A3D0A8 /* Frameworks */ = {
			isa = PBXFrameworksBuildPhase;
			buildActionMask = 2147483647;
			files = (
			);
			runOnlyForDeploymentPostprocessing = 0;
		};
/* End PBXFrameworksBuildPhase section */

/* Begin PBXGroup section */
		9F68D8CF307574C000228A18 /* Onboarding */ = {
			isa = PBXGroup;
			children = (
				9F68D8D0307574DD00228A18 /* addPetScreen.swift */,
				9F68D8D23075753500228A18 /* selectImage.swift */,
				9F68D8D43075757D00228A18 /* welcomeScreen.swift */,
				9F68D8D6307575BB00228A18 /* quoteFeature.swift */,
				9F68D8D8307575F300228A18 /* onbaording.swift */,
			);
			path = Onboarding;
			sourceTree = "<group>";
		};
		9F68D8E63076C66100228A18 /* Components */ = {
			isa = PBXGroup;
			children = (
				9F68D8E73076C67900228A18 /* navigation.swift */,
			);
			path = Components;
			sourceTree = "<group>";
		};
		9F68D8EB3076C95800228A18 /* Features */ = {
			isa = PBXGroup;
			children = (
				9F68D8EC3076C96C00228A18 /* todoScreen.swift */,
			);
			path = Features;
			sourceTree = "<group>";
		};
		9F92183A3072BA2100A3D0A8 = {
			isa = PBXGroup;
			children = (
				9F0D24C53074325A00BCD900 /* GoogleService-Info.plist */,
				9F9218773072BBE900A3D0A8 /* View */,
				9F9218763072BBDD00A3D0A8 /* ViewModel */,
				9F9218753072BBBE00A3D0A8 /* Services */,
				9F9218743072BBB000A3D0A8 /* Resources */,
				9F9218733072BBA300A3D0A8 /* Models */,
				9F9218713072BB5700A3D0A8 /* Core */,
				9F9218453072BA2100A3D0A8 /* petpaw */,
				9F9218563072BA2500A3D0A8 /* petpawTests */,
				9F9218603072BA2500A3D0A8 /* petpawUITests */,
				9F9218443072BA2100A3D0A8 /* Products */,
			);
			sourceTree = "<group>";
		};
		9F9218443072BA2100A3D0A8 /* Products */ = {
			isa = PBXGroup;
			children = (
				9F9218433072BA2100A3D0A8 /* petpaw.app */,
				9F9218533072BA2500A3D0A8 /* petpawTests.xctest */,
				9F92185D3072BA2500A3D0A8 /* petpawUITests.xctest */,
			);
			name = Products;
			sourceTree = "<group>";
		};
		9F9218453072BA2100A3D0A8 /* petpaw */ = {
			isa = PBXGroup;
			children = (
				9F9218463072BA2100A3D0A8 /* petpawApp.swift */,
				9F9218483072BA2100A3D0A8 /* ContentView.swift */,
				9F92184A3072BA2400A3D0A8 /* Assets.xcassets */,
				9F92184C3072BA2400A3D0A8 /* Preview Content */,
				9FD5EDB5307424E7004A9E67 /* constants.swift */,
			);
			path = petpaw;
			sourceTree = "<group>";
		};
		9F92184C3072BA2400A3D0A8 /* Preview Content */ = {
			isa = PBXGroup;
			children = (
				9F92184D3072BA2400A3D0A8 /* Preview Assets.xcassets */,
			);
			path = "Preview Content";
			sourceTree = "<group>";
		};
		9F9218563072BA2500A3D0A8 /* petpawTests */ = {
			isa = PBXGroup;
			children = (
				9F9218573072BA2500A3D0A8 /* petpawTests.swift */,
			);
			path = petpawTests;
			sourceTree = "<group>";
		};
		9F9218603072BA2500A3D0A8 /* petpawUITests */ = {
			isa = PBXGroup;
			children = (
				9F9218613072BA2500A3D0A8 /* petpawUITests.swift */,
				9F9218633072BA2500A3D0A8 /* petpawUITestsLaunchTests.swift */,
			);
			path = petpawUITests;
			sourceTree = "<group>";
		};
		9F9218713072BB5700A3D0A8 /* Core */ = {
			isa = PBXGroup;
			children = (
				9F9218723072BB6B00A3D0A8 /* petpawTheme */,
				9F68D8CD3075580C00228A18 /* firebaseConfig.swift */,
			);
			path = Core;
			sourceTree = "<group>";
		};
		9F9218723072BB6B00A3D0A8 /* petpawTheme */ = {
			isa = PBXGroup;
			children = (
				9F9218783072BCD500A3D0A8 /* colors.swift */,
				9F92187A3072BDB700A3D0A8 /* typography.swift */,
				9F92187E3072BF3100A3D0A8 /* spacing.swift */,
			);
			path = petpawTheme;
			sourceTree = "<group>";
		};
		9F9218733072BBA300A3D0A8 /* Models */ = {
			isa = PBXGroup;
			children = (
			);
			path = Models;
			sourceTree = "<group>";
		};
		9F9218743072BBB000A3D0A8 /* Resources */ = {
			isa = PBXGroup;
			children = (
			);
			path = Resources;
			sourceTree = "<group>";
		};
		9F9218753072BBBE00A3D0A8 /* Services */ = {
			isa = PBXGroup;
			children = (
				9F9E75F23074D89300E39EC9 /* authService.swift */,
			);
			path = Services;
			sourceTree = "<group>";
		};
		9F9218763072BBDD00A3D0A8 /* ViewModel */ = {
			isa = PBXGroup;
			children = (
				9F9E75F430752D1300E39EC9 /* authViewModel.swift */,
			);
			path = ViewModel;
			sourceTree = "<group>";
		};
		9F9218773072BBE900A3D0A8 /* View */ = {
			isa = PBXGroup;
			children = (
				9F68D8E63076C66100228A18 /* Components */,
				9F9218823073E4F100A3D0A8 /* screens */,
				9FD5EDB130741E2D004A9E67 /* root.swift */,
				9F68D8E93076C6D500228A18 /* mainTabView.swift */,
			);
			path = View;
			sourceTree = "<group>";
		};
		9F9218823073E4F100A3D0A8 /* screens */ = {
			isa = PBXGroup;
			children = (
				9F68D8EB3076C95800228A18 /* Features */,
				9F68D8CF307574C000228A18 /* Onboarding */,
				9F9218893073E65100A3D0A8 /* Authentication */,
				9F68D8DA3075791900228A18 /* dashboard.swift */,
			);
			path = screens;
			sourceTree = "<group>";
		};
		9F9218893073E65100A3D0A8 /* Authentication */ = {
			isa = PBXGroup;
			children = (
				9F92188A3073E6CE00A3D0A8 /* login.swift */,
				9F92188E3073E91100A3D0A8 /* signup.swift */,
			);
			path = Authentication;
			sourceTree = "<group>";
		};
/* End PBXGroup section */

/* Begin PBXNativeTarget section */
		9F9218423072BA2100A3D0A8 /* petpaw */ = {
			isa = PBXNativeTarget;
			buildConfigurationList = 9F9218673072BA2500A3D0A8 /* Build configuration list for PBXNativeTarget "petpaw" */;
			buildPhases = (
				9F92183F3072BA2100A3D0A8 /* Sources */,
				9F9218403072BA2100A3D0A8 /* Frameworks */,
				9F9218413072BA2100A3D0A8 /* Resources */,
			);
			buildRules = (
			);
			dependencies = (
			);
			name = petpaw;
			packageProductDependencies = (
				9F9E75EE3074CC8500E39EC9 /* FirebaseAuth */,
				9F9E75F03074CC8500E39EC9 /* FirebaseFirestore */,
			);
			productName = petpaw;
			productReference = 9F9218433072BA2100A3D0A8 /* petpaw.app */;
			productType = "com.apple.product-type.application";
		};
		9F9218523072BA2500A3D0A8 /* petpawTests */ = {
			isa = PBXNativeTarget;
			buildConfigurationList = 9F92186A3072BA2500A3D0A8 /* Build configuration list for PBXNativeTarget "petpawTests" */;
			buildPhases = (
				9F92184F3072BA2500A3D0A8 /* Sources */,
				9F9218503072BA2500A3D0A8 /* Frameworks */,
				9F9218513072BA2500A3D0A8 /* Resources */,
			);
			buildRules = (
			);
			dependencies = (
				9F9218553072BA2500A3D0A8 /* PBXTargetDependency */,
			);
			name = petpawTests;
			productName = petpawTests;
			productReference = 9F9218533072BA2500A3D0A8 /* petpawTests.xctest */;
			productType = "com.apple.product-type.bundle.unit-test";
		};
		9F92185C3072BA2500A3D0A8 /* petpawUITests */ = {
			isa = PBXNativeTarget;
			buildConfigurationList = 9F92186D3072BA2500A3D0A8 /* Build configuration list for PBXNativeTarget "petpawUITests" */;
			buildPhases = (
				9F9218593072BA2500A3D0A8 /* Sources */,
				9F92185A3072BA2500A3D0A8 /* Frameworks */,
				9F92185B3072BA2500A3D0A8 /* Resources */,
			);
			buildRules = (
			);
			dependencies = (
				9F92185F3072BA2500A3D0A8 /* PBXTargetDependency */,
			);
			name = petpawUITests;
			productName = petpawUITests;
			productReference = 9F92185D3072BA2500A3D0A8 /* petpawUITests.xctest */;
			productType = "com.apple.product-type.bundle.ui-testing";
		};
/* End PBXNativeTarget section */

/* Begin PBXProject section */
		9F92183B3072BA2100A3D0A8 /* Project object */ = {
			isa = PBXProject;
			attributes = {
				BuildIndependentTargetsInParallel = 1;
				LastSwiftUpdateCheck = 1520;
				LastUpgradeCheck = 1520;
				TargetAttributes = {
					9F9218423072BA2100A3D0A8 = {
						CreatedOnToolsVersion = 15.2;
					};
					9F9218523072BA2500A3D0A8 = {
						CreatedOnToolsVersion = 15.2;
						TestTargetID = 9F9218423072BA2100A3D0A8;
					};
					9F92185C3072BA2500A3D0A8 = {
						CreatedOnToolsVersion = 15.2;
						TestTargetID = 9F9218423072BA2100A3D0A8;
					};
				};
			};
			buildConfigurationList = 9F92183E3072BA2100A3D0A8 /* Build configuration list for PBXProject "petpaw" */;
			compatibilityVersion = "Xcode 14.0";
			developmentRegion = en;
			hasScannedForEncodings = 0;
			knownRegions = (
				en,
				Base,
			);
			mainGroup = 9F92183A3072BA2100A3D0A8;
			packageReferences = (
				9F9E75ED3074CC8500E39EC9 /* XCRemoteSwiftPackageReference "firebase-ios-sdk" */,
			);
			productRefGroup = 9F9218443072BA2100A3D0A8 /* Products */;
			projectDirPath = "";
			projectRoot = "";
			targets = (
				9F9218423072BA2100A3D0A8 /* petpaw */,
				9F9218523072BA2500A3D0A8 /* petpawTests */,
				9F92185C3072BA2500A3D0A8 /* petpawUITests */,
			);
		};
/* End PBXProject section */

/* Begin PBXResourcesBuildPhase section */
		9F9218413072BA2100A3D0A8 /* Resources */ = {
			isa = PBXResourcesBuildPhase;
			buildActionMask = 2147483647;
			files = (
				9F92184E3072BA2400A3D0A8 /* Preview Assets.xcassets in Resources */,
				9F92184B3072BA2400A3D0A8 /* Assets.xcassets in Resources */,
				9F0D24C63074325A00BCD900 /* GoogleService-Info.plist in Resources */,
			);
			runOnlyForDeploymentPostprocessing = 0;
		};
		9F9218513072BA2500A3D0A8 /* Resources */ = {
			isa = PBXResourcesBuildPhase;
			buildActionMask = 2147483647;
			files = (
			);
			runOnlyForDeploymentPostprocessing = 0;
		};
		9F92185B3072BA2500A3D0A8 /* Resources */ = {
			isa = PBXResourcesBuildPhase;
			buildActionMask = 2147483647;
			files = (
			);
			runOnlyForDeploymentPostprocessing = 0;
		};
/* End PBXResourcesBuildPhase section */

/* Begin PBXSourcesBuildPhase section */
		9F92183F3072BA2100A3D0A8 /* Sources */ = {
			isa = PBXSourcesBuildPhase;
			buildActionMask = 2147483647;
			files = (
				9F9218493072BA2100A3D0A8 /* ContentView.swift in Sources */,
				9F9218793072BCD500A3D0A8 /* colors.swift in Sources */,
				9FD5EDB6307424E7004A9E67 /* constants.swift in Sources */,
				9F92187B3072BDB700A3D0A8 /* typography.swift in Sources */,
				9F9218473072BA2100A3D0A8 /* petpawApp.swift in Sources */,
				9F68D8ED3076C96D00228A18 /* todoScreen.swift in Sources */,
				9F92188F3073E91100A3D0A8 /* signup.swift in Sources */,
				9F68D8CE3075580C00228A18 /* firebaseConfig.swift in Sources */,
				9F68D8D7307575BB00228A18 /* quoteFeature.swift in Sources */,
				9F68D8E83076C67900228A18 /* navigation.swift in Sources */,
				9F92188B3073E6CE00A3D0A8 /* login.swift in Sources */,
				9F68D8D9307575F300228A18 /* onbaording.swift in Sources */,
				9F68D8D53075757D00228A18 /* welcomeScreen.swift in Sources */,
				9F9E75F33074D89300E39EC9 /* authService.swift in Sources */,
				9F9E75F530752D1300E39EC9 /* authViewModel.swift in Sources */,
				9F68D8D1307574DD00228A18 /* addPetScreen.swift in Sources */,
				9FD5EDB230741E2D004A9E67 /* root.swift in Sources */,
				9F92187F3072BF3100A3D0A8 /* spacing.swift in Sources */,
				9F68D8DB3075791900228A18 /* dashboard.swift in Sources */,
				9F68D8D33075753500228A18 /* selectImage.swift in Sources */,
				9F68D8EA3076C6D500228A18 /* mainTabView.swift in Sources */,
			);
			runOnlyForDeploymentPostprocessing = 0;
		};
		9F92184F3072BA2500A3D0A8 /* Sources */ = {
			isa = PBXSourcesBuildPhase;
			buildActionMask = 2147483647;
			files = (
				9F9218903073E91100A3D0A8 /* signup.swift in Sources */,
				9FD5EDB330741E2D004A9E67 /* root.swift in Sources */,
				9F9218583072BA2500A3D0A8 /* petpawTests.swift in Sources */,
				9F92188C3073E6CE00A3D0A8 /* login.swift in Sources */,
			);
			runOnlyForDeploymentPostprocessing = 0;
		};
		9F9218593072BA2500A3D0A8 /* Sources */ = {
			isa = PBXSourcesBuildPhase;
			buildActionMask = 2147483647;
			files = (
				9FD5EDB430741E2D004A9E67 /* root.swift in Sources */,
				9F9218623072BA2500A3D0A8 /* petpawUITests.swift in Sources */,
				9F9218913073E91100A3D0A8 /* signup.swift in Sources */,
				9F92188D3073E6CE00A3D0A8 /* login.swift in Sources */,
				9F9218643072BA2500A3D0A8 /* petpawUITestsLaunchTests.swift in Sources */,
			);
			runOnlyForDeploymentPostprocessing = 0;
		};
/* End PBXSourcesBuildPhase section */

/* Begin PBXTargetDependency section */
		9F9218553072BA2500A3D0A8 /* PBXTargetDependency */ = {
			isa = PBXTargetDependency;
			target = 9F9218423072BA2100A3D0A8 /* petpaw */;
			targetProxy = 9F9218543072BA2500A3D0A8 /* PBXContainerItemProxy */;
		};
		9F92185F3072BA2500A3D0A8 /* PBXTargetDependency */ = {
			isa = PBXTargetDependency;
			target = 9F9218423072BA2100A3D0A8 /* petpaw */;
			targetProxy = 9F92185E3072BA2500A3D0A8 /* PBXContainerItemProxy */;
		};
/* End PBXTargetDependency section */

/* Begin XCBuildConfiguration section */
		9F9218653072BA2500A3D0A8 /* Debug */ = {
			isa = XCBuildConfiguration;
			buildSettings = {
				ALWAYS_SEARCH_USER_PATHS = NO;
				ASSETCATALOG_COMPILER_GENERATE_SWIFT_ASSET_SYMBOL_EXTENSIONS = YES;
				CLANG_ANALYZER_NONNULL = YES;
				CLANG_ANALYZER_NUMBER_OBJECT_CONVERSION = YES_AGGRESSIVE;
				CLANG_CXX_LANGUAGE_STANDARD = "gnu++20";
				CLANG_ENABLE_MODULES = YES;
				CLANG_ENABLE_OBJC_ARC = YES;
				CLANG_ENABLE_OBJC_WEAK = YES;
				CLANG_WARN_BLOCK_CAPTURE_AUTORELEASING = YES;
				CLANG_WARN_BOOL_CONVERSION = YES;
				CLANG_WARN_COMMA = YES;
				CLANG_WARN_CONSTANT_CONVERSION = YES;
				CLANG_WARN_DEPRECATED_OBJC_IMPLEMENTATIONS = YES;
				CLANG_WARN_DIRECT_OBJC_ISA_USAGE = YES_ERROR;
				CLANG_WARN_DOCUMENTATION_COMMENTS = YES;
				CLANG_WARN_EMPTY_BODY = YES;
				CLANG_WARN_ENUM_CONVERSION = YES;
				CLANG_WARN_INFINITE_RECURSION = YES;
				CLANG_WARN_INT_CONVERSION = YES;
				CLANG_WARN_NON_LITERAL_NULL_CONVERSION = YES;
				CLANG_WARN_OBJC_IMPLICIT_RETAIN_SELF = YES;
				CLANG_WARN_OBJC_LITERAL_CONVERSION = YES;
				CLANG_WARN_OBJC_ROOT_CLASS = YES_ERROR;
				CLANG_WARN_QUOTED_INCLUDE_IN_FRAMEWORK_HEADER = YES;
				CLANG_WARN_RANGE_LOOP_ANALYSIS = YES;
				CLANG_WARN_STRICT_PROTOTYPES = YES;
				CLANG_WARN_SUSPICIOUS_MOVE = YES;
				CLANG_WARN_UNGUARDED_AVAILABILITY = YES_AGGRESSIVE;
				CLANG_WARN_UNREACHABLE_CODE = YES;
				CLANG_WARN__DUPLICATE_METHOD_MATCH = YES;
				COPY_PHASE_STRIP = NO;
				DEBUG_INFORMATION_FORMAT = dwarf;
				ENABLE_STRICT_OBJC_MSGSEND = YES;
				ENABLE_TESTABILITY = YES;
				ENABLE_USER_SCRIPT_SANDBOXING = YES;
				GCC_C_LANGUAGE_STANDARD = gnu17;
				GCC_DYNAMIC_NO_PIC = NO;
				GCC_NO_COMMON_BLOCKS = YES;
				GCC_OPTIMIZATION_LEVEL = 0;
				GCC_PREPROCESSOR_DEFINITIONS = (
					"DEBUG=1",
					"$(inherited)",
				);
				GCC_WARN_64_TO_32_BIT_CONVERSION = YES;
				GCC_WARN_ABOUT_RETURN_TYPE = YES_ERROR;
				GCC_WARN_UNDECLARED_SELECTOR = YES;
				GCC_WARN_UNINITIALIZED_AUTOS = YES_AGGRESSIVE;
				GCC_WARN_UNUSED_FUNCTION = YES;
				GCC_WARN_UNUSED_VARIABLE = YES;
				IPHONEOS_DEPLOYMENT_TARGET = 17.2;
				LOCALIZATION_PREFERS_STRING_CATALOGS = YES;
				MTL_ENABLE_DEBUG_INFO = INCLUDE_SOURCE;
				MTL_FAST_MATH = YES;
				ONLY_ACTIVE_ARCH = YES;
				SDKROOT = iphoneos;
				SWIFT_ACTIVE_COMPILATION_CONDITIONS = "DEBUG $(inherited)";
				SWIFT_OPTIMIZATION_LEVEL = "-Onone";
			};
			name = Debug;
		};
		9F9218663072BA2500A3D0A8 /* Release */ = {
			isa = XCBuildConfiguration;
			buildSettings = {
				ALWAYS_SEARCH_USER_PATHS = NO;
				ASSETCATALOG_COMPILER_GENERATE_SWIFT_ASSET_SYMBOL_EXTENSIONS = YES;
				CLANG_ANALYZER_NONNULL = YES;
				CLANG_ANALYZER_NUMBER_OBJECT_CONVERSION = YES_AGGRESSIVE;
				CLANG_CXX_LANGUAGE_STANDARD = "gnu++20";
				CLANG_ENABLE_MODULES = YES;
				CLANG_ENABLE_OBJC_ARC = YES;
				CLANG_ENABLE_OBJC_WEAK = YES;
				CLANG_WARN_BLOCK_CAPTURE_AUTORELEASING = YES;
				CLANG_WARN_BOOL_CONVERSION = YES;
				CLANG_WARN_COMMA = YES;
				CLANG_WARN_CONSTANT_CONVERSION = YES;
				CLANG_WARN_DEPRECATED_OBJC_IMPLEMENTATIONS = YES;
				CLANG_WARN_DIRECT_OBJC_ISA_USAGE = YES_ERROR;
				CLANG_WARN_DOCUMENTATION_COMMENTS = YES;
				CLANG_WARN_EMPTY_BODY = YES;
				CLANG_WARN_ENUM_CONVERSION = YES;
				CLANG_WARN_INFINITE_RECURSION = YES;
				CLANG_WARN_INT_CONVERSION = YES;
				CLANG_WARN_NON_LITERAL_NULL_CONVERSION = YES;
				CLANG_WARN_OBJC_IMPLICIT_RETAIN_SELF = YES;
				CLANG_WARN_OBJC_LITERAL_CONVERSION = YES;
				CLANG_WARN_OBJC_ROOT_CLASS = YES_ERROR;
				CLANG_WARN_QUOTED_INCLUDE_IN_FRAMEWORK_HEADER = YES;
				CLANG_WARN_RANGE_LOOP_ANALYSIS = YES;
				CLANG_WARN_STRICT_PROTOTYPES = YES;
				CLANG_WARN_SUSPICIOUS_MOVE = YES;
				CLANG_WARN_UNGUARDED_AVAILABILITY = YES_AGGRESSIVE;
				CLANG_WARN_UNREACHABLE_CODE = YES;
				CLANG_WARN__DUPLICATE_METHOD_MATCH = YES;
				COPY_PHASE_STRIP = NO;
				DEBUG_INFORMATION_FORMAT = "dwarf-with-dsym";
				ENABLE_NS_ASSERTIONS = NO;
				ENABLE_STRICT_OBJC_MSGSEND = YES;
				ENABLE_USER_SCRIPT_SANDBOXING = YES;
				GCC_C_LANGUAGE_STANDARD = gnu17;
				GCC_NO_COMMON_BLOCKS = YES;
				GCC_WARN_64_TO_32_BIT_CONVERSION = YES;
				GCC_WARN_ABOUT_RETURN_TYPE = YES_ERROR;
				GCC_WARN_UNDECLARED_SELECTOR = YES;
				GCC_WARN_UNINITIALIZED_AUTOS = YES_AGGRESSIVE;
				GCC_WARN_UNUSED_FUNCTION = YES;
				GCC_WARN_UNUSED_VARIABLE = YES;
				IPHONEOS_DEPLOYMENT_TARGET = 17.2;
				LOCALIZATION_PREFERS_STRING_CATALOGS = YES;
				MTL_ENABLE_DEBUG_INFO = NO;
				MTL_FAST_MATH = YES;
				SDKROOT = iphoneos;
				SWIFT_COMPILATION_MODE = wholemodule;
				VALIDATE_PRODUCT = YES;
			};
			name = Release;
		};
		9F9218683072BA2500A3D0A8 /* Debug */ = {
			isa = XCBuildConfiguration;
			buildSettings = {
				ASSETCATALOG_COMPILER_APPICON_NAME = AppIcon;
				ASSETCATALOG_COMPILER_GLOBAL_ACCENT_COLOR_NAME = AccentColor;
				CODE_SIGN_STYLE = Automatic;
				CURRENT_PROJECT_VERSION = 1;
				DEVELOPMENT_ASSET_PATHS = "\"petpaw/Preview Content\"";
				DEVELOPMENT_TEAM = 3D3KVDMTWG;
				ENABLE_PREVIEWS = YES;
				GENERATE_INFOPLIST_FILE = YES;
				INFOPLIST_KEY_UIApplicationSceneManifest_Generation = YES;
				INFOPLIST_KEY_UIApplicationSupportsIndirectInputEvents = YES;
				INFOPLIST_KEY_UILaunchScreen_Generation = YES;
				INFOPLIST_KEY_UISupportedInterfaceOrientations_iPad = "UIInterfaceOrientationPortrait UIInterfaceOrientationPortraitUpsideDown UIInterfaceOrientationLandscapeLeft UIInterfaceOrientationLandscapeRight";
				INFOPLIST_KEY_UISupportedInterfaceOrientations_iPhone = "UIInterfaceOrientationPortrait UIInterfaceOrientationLandscapeLeft UIInterfaceOrientationLandscapeRight";
				LD_RUNPATH_SEARCH_PATHS = (
					"$(inherited)",
					"@executable_path/Frameworks",
				);
				MARKETING_VERSION = 1.0;
				PRODUCT_BUNDLE_IDENTIFIER = com.piyumi.petpaw;
				PRODUCT_NAME = "$(TARGET_NAME)";
				SWIFT_EMIT_LOC_STRINGS = YES;
				SWIFT_VERSION = 5.0;
				TARGETED_DEVICE_FAMILY = "1,2";
			};
			name = Debug;
		};
		9F9218693072BA2500A3D0A8 /* Release */ = {
			isa = XCBuildConfiguration;
			buildSettings = {
				ASSETCATALOG_COMPILER_APPICON_NAME = AppIcon;
				ASSETCATALOG_COMPILER_GLOBAL_ACCENT_COLOR_NAME = AccentColor;
				CODE_SIGN_STYLE = Automatic;
				CURRENT_PROJECT_VERSION = 1;
				DEVELOPMENT_ASSET_PATHS = "\"petpaw/Preview Content\"";
				DEVELOPMENT_TEAM = 3D3KVDMTWG;
				ENABLE_PREVIEWS = YES;
				GENERATE_INFOPLIST_FILE = YES;
				INFOPLIST_KEY_UIApplicationSceneManifest_Generation = YES;
				INFOPLIST_KEY_UIApplicationSupportsIndirectInputEvents = YES;
				INFOPLIST_KEY_UILaunchScreen_Generation = YES;
				INFOPLIST_KEY_UISupportedInterfaceOrientations_iPad = "UIInterfaceOrientationPortrait UIInterfaceOrientationPortraitUpsideDown UIInterfaceOrientationLandscapeLeft UIInterfaceOrientationLandscapeRight";
				INFOPLIST_KEY_UISupportedInterfaceOrientations_iPhone = "UIInterfaceOrientationPortrait UIInterfaceOrientationLandscapeLeft UIInterfaceOrientationLandscapeRight";
				LD_RUNPATH_SEARCH_PATHS = (
					"$(inherited)",
					"@executable_path/Frameworks",
				);
				MARKETING_VERSION = 1.0;
				PRODUCT_BUNDLE_IDENTIFIER = com.piyumi.petpaw;
				PRODUCT_NAME = "$(TARGET_NAME)";
				SWIFT_EMIT_LOC_STRINGS = YES;
				SWIFT_VERSION = 5.0;
				TARGETED_DEVICE_FAMILY = "1,2";
			};
			name = Release;
		};
		9F92186B3072BA2500A3D0A8 /* Debug */ = {
			isa = XCBuildConfiguration;
			buildSettings = {
				ALWAYS_EMBED_SWIFT_STANDARD_LIBRARIES = YES;
				BUNDLE_LOADER = "$(TEST_HOST)";
				CODE_SIGN_STYLE = Automatic;
				CURRENT_PROJECT_VERSION = 1;
				DEVELOPMENT_TEAM = 3D3KVDMTWG;
				GENERATE_INFOPLIST_FILE = YES;
				IPHONEOS_DEPLOYMENT_TARGET = 17.2;
				MARKETING_VERSION = 1.0;
				PRODUCT_BUNDLE_IDENTIFIER = tap.fancy.petpawTests;
				PRODUCT_NAME = "$(TARGET_NAME)";
				SWIFT_EMIT_LOC_STRINGS = NO;
				SWIFT_VERSION = 5.0;
				TARGETED_DEVICE_FAMILY = "1,2";
				TEST_HOST = "$(BUILT_PRODUCTS_DIR)/petpaw.app/$(BUNDLE_EXECUTABLE_FOLDER_PATH)/petpaw";
			};
			name = Debug;
		};
		9F92186C3072BA2500A3D0A8 /* Release */ = {
			isa = XCBuildConfiguration;
			buildSettings = {
				ALWAYS_EMBED_SWIFT_STANDARD_LIBRARIES = YES;
				BUNDLE_LOADER = "$(TEST_HOST)";
				CODE_SIGN_STYLE = Automatic;
				CURRENT_PROJECT_VERSION = 1;
				DEVELOPMENT_TEAM = 3D3KVDMTWG;
				GENERATE_INFOPLIST_FILE = YES;
				IPHONEOS_DEPLOYMENT_TARGET = 17.2;
				MARKETING_VERSION = 1.0;
				PRODUCT_BUNDLE_IDENTIFIER = tap.fancy.petpawTests;
				PRODUCT_NAME = "$(TARGET_NAME)";
				SWIFT_EMIT_LOC_STRINGS = NO;
				SWIFT_VERSION = 5.0;
				TARGETED_DEVICE_FAMILY = "1,2";
				TEST_HOST = "$(BUILT_PRODUCTS_DIR)/petpaw.app/$(BUNDLE_EXECUTABLE_FOLDER_PATH)/petpaw";
			};
			name = Release;
		};
		9F92186E3072BA2500A3D0A8 /* Debug */ = {
			isa = XCBuildConfiguration;
			buildSettings = {
				ALWAYS_EMBED_SWIFT_STANDARD_LIBRARIES = YES;
				CODE_SIGN_STYLE = Automatic;
				CURRENT_PROJECT_VERSION = 1;
				DEVELOPMENT_TEAM = 3D3KVDMTWG;
				GENERATE_INFOPLIST_FILE = YES;
				MARKETING_VERSION = 1.0;
				PRODUCT_BUNDLE_IDENTIFIER = tap.fancy.petpawUITests;
				PRODUCT_NAME = "$(TARGET_NAME)";
				SWIFT_EMIT_LOC_STRINGS = NO;
				SWIFT_VERSION = 5.0;
				TARGETED_DEVICE_FAMILY = "1,2";
				TEST_TARGET_NAME = petpaw;
			};
			name = Debug;
		};
		9F92186F3072BA2500A3D0A8 /* Release */ = {
			isa = XCBuildConfiguration;
			buildSettings = {
				ALWAYS_EMBED_SWIFT_STANDARD_LIBRARIES = YES;
				CODE_SIGN_STYLE = Automatic;
				CURRENT_PROJECT_VERSION = 1;
				DEVELOPMENT_TEAM = 3D3KVDMTWG;
				GENERATE_INFOPLIST_FILE = YES;
				MARKETING_VERSION = 1.0;
				PRODUCT_BUNDLE_IDENTIFIER = tap.fancy.petpawUITests;
				PRODUCT_NAME = "$(TARGET_NAME)";
				SWIFT_EMIT_LOC_STRINGS = NO;
				SWIFT_VERSION = 5.0;
				TARGETED_DEVICE_FAMILY = "1,2";
				TEST_TARGET_NAME = petpaw;
			};
			name = Release;
		};
/* End XCBuildConfiguration section */

/* Begin XCConfigurationList section */
		9F92183E3072BA2100A3D0A8 /* Build configuration list for PBXProject "petpaw" */ = {
			isa = XCConfigurationList;
			buildConfigurations = (
				9F9218653072BA2500A3D0A8 /* Debug */,
				9F9218663072BA2500A3D0A8 /* Release */,
			);
			defaultConfigurationIsVisible = 0;
			defaultConfigurationName = Release;
		};
		9F9218673072BA2500A3D0A8 /* Build configuration list for PBXNativeTarget "petpaw" */ = {
			isa = XCConfigurationList;
			buildConfigurations = (
				9F9218683072BA2500A3D0A8 /* Debug */,
				9F9218693072BA2500A3D0A8 /* Release */,
			);
			defaultConfigurationIsVisible = 0;
			defaultConfigurationName = Release;
		};
		9F92186A3072BA2500A3D0A8 /* Build configuration list for PBXNativeTarget "petpawTests" */ = {
			isa = XCConfigurationList;
			buildConfigurations = (
				9F92186B3072BA2500A3D0A8 /* Debug */,
				9F92186C3072BA2500A3D0A8 /* Release */,
			);
			defaultConfigurationIsVisible = 0;
			defaultConfigurationName = Release;
		};
		9F92186D3072BA2500A3D0A8 /* Build configuration list for PBXNativeTarget "petpawUITests" */ = {
			isa = XCConfigurationList;
			buildConfigurations = (
				9F92186E3072BA2500A3D0A8 /* Debug */,
				9F92186F3072BA2500A3D0A8 /* Release */,
			);
			defaultConfigurationIsVisible = 0;
			defaultConfigurationName = Release;
		};
/* End XCConfigurationList section */

/* Begin XCRemoteSwiftPackageReference section */
		9F9E75ED3074CC8500E39EC9 /* XCRemoteSwiftPackageReference "firebase-ios-sdk" */ = {
			isa = XCRemoteSwiftPackageReference;
			repositoryURL = "https://github.com/firebase/firebase-ios-sdk.git";
			requirement = {
				kind = exactVersion;
				version = 10.25.0;
			};
		};
/* End XCRemoteSwiftPackageReference section */

/* Begin XCSwiftPackageProductDependency section */
		9F9E75EE3074CC8500E39EC9 /* FirebaseAuth */ = {
			isa = XCSwiftPackageProductDependency;
			package = 9F9E75ED3074CC8500E39EC9 /* XCRemoteSwiftPackageReference "firebase-ios-sdk" */;
			productName = FirebaseAuth;
		};
		9F9E75F03074CC8500E39EC9 /* FirebaseFirestore */ = {
			isa = XCSwiftPackageProductDependency;
			package = 9F9E75ED3074CC8500E39EC9 /* XCRemoteSwiftPackageReference "firebase-ios-sdk" */;
			productName = FirebaseFirestore;
		};
/* End XCSwiftPackageProductDependency section */
	};
	rootObject = 9F92183B3072BA2100A3D0A8 /* Project object */;
}
